
Microsoft Visual Studio Solution File, Format Version 12.00
# Visual Studio 15
VisualStudioVersion = 15.0.26730.12
MinimumVisualStudioVersion = 10.0.40219.1
Project("{2150E333-8FDC-42A3-9474-1A3956D46DE8}") = "src", "src", "{1909CCBE-6E69-44F6-9EE2-C4066FE88694}"
EndProject
Project("{2150E333-8FDC-42A3-9474-1A3956D46DE8}") = "Shared Code", "Shared Code", "{27C931FF-1394-424E-A948-4400EB5BDBCC}"
EndProject
Project("{2150E333-8FDC-42A3-9474-1A3956D46DE8}") = "Targets", "Targets", "{CED093A9-50DF-428B-8D7A-F6054C8438A6}"
EndProject
Project("{FAE04EC0-301F-11D3-BF4B-00C04F79EFBC}") = "HelloWorld", "src\HelloWorld\HelloWorld.csproj", "{DF513F26-5C82-43C9-9981-5925BDAF40EE}"
EndProject
Project("{FAE04EC0-301F-11D3-BF4B-00C04F79EFBC}") = "HelloWorld.Android", "src\HelloWorld.Android\HelloWorld.Android.csproj", "{C705B164-6B49-4072-A3AD-238E62853646}"
EndProject
Project("{FAE04EC0-301F-11D3-BF4B-00C04F79EFBC}") = "HelloWorld.iOS", "src\HelloWorld.iOS\HelloWorld.iOS.csproj", "{D5BE7B95-EF67-4AA1-8C75-526EE1397845}"
EndProject
Project("{FAE04EC0-301F-11D3-BF4B-00C04F79EFBC}") = "HelloWorld.UWP", "src\HelloWorld.UWP\HelloWorld.UWP.csproj", "{5EBB59A6-2CC7-4852-9734-A3D21990192A}"
EndProject
Global
	GlobalSection(SolutionConfigurationPlatforms) = preSolution
		Ad-Hoc|Any CPU = Ad-Hoc|Any CPU
		Ad-Hoc|ARM = Ad-Hoc|ARM
		Ad-Hoc|iPhone = Ad-Hoc|iPhone
		Ad-Hoc|iPhoneSimulator = Ad-Hoc|iPhoneSimulator
		Ad-Hoc|x64 = Ad-Hoc|x64
		Ad-Hoc|x86 = Ad-Hoc|x86
		AppStore|Any CPU = AppStore|Any CPU
		AppStore|ARM = AppStore|ARM
		AppStore|iPhone = AppStore|iPhone
		AppStore|iPhoneSimulator = AppStore|iPhoneSimulator
		AppStore|x64 = AppStore|x64
		AppStore|x86 = AppStore|x86
		Debug|Any CPU = Debug|Any CPU
		Debug|ARM = Debug|ARM
		Debug|iPhone = Debug|iPhone
		Debug|iPhoneSimulator = Debug|iPhoneSimulator
		Debug|x64 = Debug|x64
		Debug|x86 = Debug|x86
		Release|Any CPU = Release|Any CPU
		Release|ARM = Release|ARM
		Release|iPhone = Release|iPhone
		Release|iPhoneSimulator = Release|iPhoneSimulator
		Release|x64 = Release|x64
		Release|x86 = Release|x86
	EndGlobalSection
	GlobalSection(ProjectConfigurationPlatforms) = postSolution
		{DF513F26-5C82-43C9-9981-5925BDAF40EE}.Ad-Hoc|Any CPU.ActiveCfg = Release|Any CPU
		{DF513F26-5C82-43C9-9981-5925BDAF40EE}.Ad-Hoc|Any CPU.Build.0 = Release|Any CPU
		{DF513F26-5C82-43C9-9981-5925BDAF40EE}.Ad-Hoc|ARM.ActiveCfg = Release|Any CPU
		{DF513F26-5C82-43C9-9981-5925BDAF40EE}.Ad-Hoc|ARM.Build.0 = Release|Any CPU
		{DF513F26-5C82-43C9-9981-5925BDAF40EE}.Ad-Hoc|iPhone.ActiveCfg = Release|Any CPU
		{DF513F26-5C82-43C9-9981-5925BDAF40EE}.Ad-Hoc|iPhone.Build.0 = Release|Any CPU
		{DF513F26-5C82-43C9-9981-5925BDAF40EE}.Ad-Hoc|iPhoneSimulator.ActiveCfg = Release|Any CPU
		{DF513F26-5C82-43C9-9981-5925BDAF40EE}.Ad-Hoc|iPhoneSimulator.Build.0 = Release|Any CPU
		{DF513F26-5C82-43C9-9981-5925BDAF40EE}.Ad-Hoc|x64.ActiveCfg = Release|Any CPU
		{DF513F26-5C82-43C9-9981-5925BDAF40EE}.Ad-Hoc|x64.Build.0 = Release|Any CPU
		{DF513F26-5C82-43C9-9981-5925BDAF40EE}.Ad-Hoc|x86.ActiveCfg = Release|Any CPU
		{DF513F26-5C82-43C9-9981-5925BDAF40EE}.Ad-Hoc|x86.Build.0 = Release|Any CPU
		{DF513F26-5C82-43C9-9981-5925BDAF40EE}.AppStore|Any CPU.ActiveCfg = Release|Any CPU
		{DF513F26-5C82-43C9-9981-5925BDAF40EE}.AppStore|Any CPU.Build.0 = Release|Any CPU
		{DF513F26-5C82-43C9-9981-5925BDAF40EE}.AppStore|ARM.ActiveCfg = Release|Any CPU
		{DF513F26-5C82-43C9-9981-5925BDAF40EE}.AppStore|ARM.Build.0 = Release|Any CPU
		{DF513F26-5C82-43C9-9981-5925BDAF40EE}.AppStore|iPhone.ActiveCfg = Release|Any CPU
		{DF513F26-5C82-43C9-9981-5925BDAF40EE}.AppStore|iPhone.Build.0 = Release|Any CPU
		{DF513F26-5C82-43C9-9981-5925BDAF40EE}.AppStore|iPhoneSimulator.ActiveCfg = Release|Any CPU
		{DF513F26-5C82-43C9-9981-5925BDAF40EE}.AppStore|iPhoneSimulator.Build.0 = Release|Any CPU
		{DF513F26-5C82-43C9-9981-5925BDAF40EE}.AppStore|x64.ActiveCfg = Release|Any CPU
		{DF513F26-5C82-43C9-9981-5925BDAF40EE}.AppStore|x64.Build.0 = Release|Any CPU
		{DF513F26-5C82-43C9-9981-5925BDAF40EE}.AppStore|x86.ActiveCfg = Release|Any CPU
		{DF513F26-5C82-43C9-9981-5925BDAF40EE}.AppStore|x86.Build.0 = Release|Any CPU
		{DF513F26-5C82-43C9-9981-5925BDAF40EE}.Debug|Any CPU.ActiveCfg = Debug|Any CPU
		{DF513F26-5C82-43C9-9981-5925BDAF40EE}.Debug|Any CPU.Build.0 = Debug|Any CPU
		{DF513F26-5C82-43C9-9981-5925BDAF40EE}.Debug|ARM.ActiveCfg = Debug|Any CPU
		{DF513F26-5C82-43C9-9981-5925BDAF40EE}.Debug|ARM.Build.0 = Debug|Any CPU
		{DF513F26-5C82-43C9-9981-5925BDAF40EE}.Debug|iPhone.ActiveCfg = Debug|Any CPU
		{DF513F26-5C82-43C9-9981-5925BDAF40EE}.Debug|iPhone.Build.0 = Debug|Any CPU
		{DF513F26-5C82-43C9-9981-5925BDAF40EE}.Debug|iPhoneSimulator.ActiveCfg = Debug|Any CPU
		{DF513F26-5C82-43C9-9981-5925BDAF40EE}.Debug|iPhoneSimulator.Build.0 = Debug|Any CPU
		{DF513F26-5C82-43C9-9981-5925BDAF40EE}.Debug|x64.ActiveCfg = Debug|Any CPU
		{DF513F26-5C82-43C9-9981-5925BDAF40EE}.Debug|x64.Build.0 = Debug|Any CPU
		{DF513F26-5C82-43C9-9981-5925BDAF40EE}.Debug|x86.ActiveCfg = Debug|Any CPU
		{DF513F26-5C82-43C9-9981-5925BDAF40EE}.Debug|x86.Build.0 = Debug|Any CPU
		{DF513F26-5C82-43C9-9981-5925BDAF40EE}.Release|Any CPU.ActiveCfg = Release|Any CPU
		{DF513F26-5C82-43C9-9981-5925BDAF40EE}.Release|Any CPU.Build.0 = Release|Any CPU
		{DF513F26-5C82-43C9-9981-5925BDAF40EE}.Release|ARM.ActiveCfg = Release|Any CPU
		{DF513F26-5C82-43C9-9981-5925BDAF40EE}.Release|ARM.Build.0 = Release|Any CPU
		{DF513F26-5C82-43C9-9981-5925BDAF40EE}.Release|iPhone.ActiveCfg = Release|Any CPU
		{DF513F26-5C82-43C9-9981-5925BDAF40EE}.Release|iPhone.Build.0 = Release|Any CPU
		{DF513F26-5C82-43C9-9981-5925BDAF40EE}.Release|iPhoneSimulator.ActiveCfg = Release|Any CPU
		{DF513F26-5C82-43C9-9981-5925BDAF40EE}.Release|iPhoneSimulator.Build.0 = Release|Any CPU
		{DF513F26-5C82-43C9-9981-5925BDAF40EE}.Release|x64.ActiveCfg = Release|Any CPU
		{DF513F26-5C82-43C9-9981-5925BDAF40EE}.Release|x64.Build.0 = Release|Any CPU
		{DF513F26-5C82-43C9-9981-5925BDAF40EE}.Release|x86.ActiveCfg = Release|Any CPU
		{DF513F26-5C82-43C9-9981-5925BDAF40EE}.Release|x86.Build.0 = Release|Any CPU
		{C705B164-6B49-4072-A3AD-238E62853646}.Ad-Hoc|Any CPU.ActiveCfg = Release|Any CPU
		{C705B164-6B49-4072-A3AD-238E62853646}.Ad-Hoc|Any CPU.Build.0 = Release|Any CPU
		{C705B164-6B49-4072-A3AD-238E62853646}.Ad-Hoc|Any CPU.Deploy.0 = Release|Any CPU
		{C705B164-6B49-4072-A3AD-238E62853646}.Ad-Hoc|ARM.ActiveCfg = Release|Any CPU
		{C705B164-6B49-4072-A3AD-238E62853646}.Ad-Hoc|ARM.Build.0 = Release|Any CPU
		{C705B164-6B49-4072-A3AD-238E62853646}.Ad-Hoc|ARM.Deploy.0 = Release|Any CPU
		{C705B164-6B49-4072-A3AD-238E62853646}.Ad-Hoc|iPhone.ActiveCfg = Release|Any CPU
		{C705B164-6B49-4072-A3AD-238E62853646}.Ad-Hoc|iPhone.Build.0 = Release|Any CPU
		{C705B164-6B49-4072-A3AD-238E62853646}.Ad-Hoc|iPhone.Deploy.0 = Release|Any CPU
		{C705B164-6B49-4072-A3AD-238E62853646}.Ad-Hoc|iPhoneSimulator.ActiveCfg = Release|Any CPU
		{C705B164-6B49-4072-A3AD-238E62853646}.Ad-Hoc|iPhoneSimulator.Build.0 = Release|Any CPU
		{C705B164-6B49-4072-A3AD-238E62853646}.Ad-Hoc|iPhoneSimulator.Deploy.0 = Release|Any CPU
		{C705B164-6B49-4072-A3AD-238E62853646}.Ad-Hoc|x64.ActiveCfg = Release|Any CPU
		{C705B164-6B49-4072-A3AD-238E62853646}.Ad-Hoc|x64.Build.0 = Release|Any CPU
		{C705B164-6B49-4072-A3AD-238E62853646}.Ad-Hoc|x64.Deploy.0 = Release|Any CPU
		{C705B164-6B49-4072-A3AD-238E62853646}.Ad-Hoc|x86.ActiveCfg = Release|Any CPU
		{C705B164-6B49-4072-A3AD-238E62853646}.Ad-Hoc|x86.Build.0 = Release|Any CPU
		{C705B164-6B49-4072-A3AD-238E62853646}.Ad-Hoc|x86.Deploy.0 = Release|Any CPU
		{C705B164-6B49-4072-A3AD-238E62853646}.AppStore|Any CPU.ActiveCfg = Release|Any CPU
		{C705B164-6B49-4072-A3AD-238E62853646}.AppStore|Any CPU.Build.0 = Release|Any CPU
		{C705B164-6B49-4072-A3AD-238E62853646}.AppStore|Any CPU.Deploy.0 = Release|Any CPU
		{C705B164-6B49-4072-A3AD-238E62853646}.AppStore|ARM.ActiveCfg = Release|Any CPU
		{C705B164-6B49-4072-A3AD-238E62853646}.AppStore|ARM.Build.0 = Release|Any CPU
		{C705B164-6B49-4072-A3AD-238E62853646}.AppStore|ARM.Deploy.0 = Release|Any CPU
		{C705B164-6B49-4072-A3AD-238E62853646}.AppStore|iPhone.ActiveCfg = Release|Any CPU
		{C705B164-6B49-4072-A3AD-238E62853646}.AppStore|iPhone.Build.0 = Release|Any CPU
		{C705B164-6B49-4072-A3AD-238E62853646}.AppStore|iPhone.Deploy.0 = Release|Any CPU
		{C705B164-6B49-4072-A3AD-238E62853646}.AppStore|iPhoneSimulator.ActiveCfg = Release|Any CPU
		{C705B164-6B49-4072-A3AD-238E62853646}.AppStore|iPhoneSimulator.Build.0 = Release|Any CPU
		{C705B164-6B49-4072-A3AD-238E62853646}.AppStore|iPhoneSimulator.Deploy.0 = Release|Any CPU
		{C705B164-6B49-4072-A3AD-238E62853646}.AppStore|x64.ActiveCfg = Release|Any CPU
		{C705B164-6B49-4072-A3AD-238E62853646}.AppStore|x64.Build.0 = Release|Any CPU
		{C705B164-6B49-4072-A3AD-238E62853646}.AppStore|x64.Deploy.0 = Release|Any CPU
		{C705B164-6B49-4072-A3AD-238E62853646}.AppStore|x86.ActiveCfg = Release|Any CPU
		{C705B164-6B49-4072-A3AD-238E62853646}.AppStore|x86.Build.0 = Release|Any CPU
		{C705B164-6B49-4072-A3AD-238E62853646}.AppStore|x86.Deploy.0 = Release|Any CPU
		{C705B164-6B49-4072-A3AD-238E62853646}.Debug|Any CPU.ActiveCfg = Debug|Any CPU
		{C705B164-6B49-4072-A3AD-238E62853646}.Debug|Any CPU.Build.0 = Debug|Any CPU
		{C705B164-6B49-4072-A3AD-238E62853646}.Debug|Any CPU.Deploy.0 = Debug|Any CPU
		{C705B164-6B49-4072-A3AD-238E62853646}.Debug|ARM.ActiveCfg = Debug|Any CPU
		{C705B164-6B49-4072-A3AD-238E62853646}.Debug|ARM.Build.0 = Debug|Any CPU
		{C705B164-6B49-4072-A3AD-238E62853646}.Debug|ARM.Deploy.0 = Debug|Any CPU
		{C705B164-6B49-4072-A3AD-238E62853646}.Debug|iPhone.ActiveCfg = Debug|Any CPU
		{C705B164-6B49-4072-A3AD-238E62853646}.Debug|iPhone.Build.0 = Debug|Any CPU
		{C705B164-6B49-4072-A3AD-238E62853646}.Debug|iPhone.Deploy.0 = Debug|Any CPU
		{C705B164-6B49-4072-A3AD-238E62853646}.Debug|iPhoneSimulator.ActiveCfg = Debug|Any CPU
		{C705B164-6B49-4072-A3AD-238E62853646}.Debug|iPhoneSimulator.Build.0 = Debug|Any CPU
		{C705B164-6B49-4072-A3AD-238E62853646}.Debug|iPhoneSimulator.Deploy.0 = Debug|Any CPU
		{C705B164-6B49-4072-A3AD-238E62853646}.Debug|x64.ActiveCfg = Debug|Any CPU
		{C705B164-6B49-4072-A3AD-238E62853646}.Debug|x64.Build.0 = Debug|Any CPU
		{C705B164-6B49-4072-A3AD-238E62853646}.Debug|x64.Deploy.0 = Debug|Any CPU
		{C705B164-6B49-4072-A3AD-238E62853646}.Debug|x86.ActiveCfg = Debug|Any CPU
		{C705B164-6B49-4072-A3AD-238E62853646}.Debug|x86.Build.0 = Debug|Any CPU
		{C705B164-6B49-4072-A3AD-238E62853646}.Debug|x86.Deploy.0 = Debug|Any CPU
		{C705B164-6B49-4072-A3AD-238E62853646}.Release|Any CPU.ActiveCfg = Release|Any CPU
		{C705B164-6B49-4072-A3AD-238E62853646}.Release|Any CPU.Build.0 = Release|Any CPU
		{C705B164-6B49-4072-A3AD-238E62853646}.Release|Any CPU.Deploy.0 = Release|Any CPU
		{C705B164-6B49-4072-A3AD-238E62853646}.Release|ARM.ActiveCfg = Release|Any CPU
		{C705B164-6B49-4072-A3AD-238E62853646}.Release|ARM.Build.0 = Release|Any CPU
		{C705B164-6B49-4072-A3AD-238E62853646}.Release|ARM.Deploy.0 = Release|Any CPU
		{C705B164-6B49-4072-A3AD-238E62853646}.Release|iPhone.ActiveCfg = Release|Any CPU
		{C705B164-6B49-4072-A3AD-238E62853646}.Release|iPhone.Build.0 = Release|Any CPU
		{C705B164-6B49-4072-A3AD-238E62853646}.Release|iPhone.Deploy.0 = Release|Any CPU
		{C705B164-6B49-4072-A3AD-238E62853646}.Release|iPhoneSimulator.ActiveCfg = Release|Any CPU
		{C705B164-6B49-4072-A3AD-238E62853646}.Release|iPhoneSimulator.Build.0 = Release|Any CPU
		{C705B164-6B49-4072-A3AD-238E62853646}.Release|iPhoneSimulator.Deploy.0 = Release|Any CPU
		{C705B164-6B49-4072-A3AD-238E62853646}.Release|x64.ActiveCfg = Release|Any CPU
		{C705B164-6B49-4072-A3AD-238E62853646}.Release|x64.Build.0 = Release|Any CPU
		{C705B164-6B49-4072-A3AD-238E62853646}.Release|x64.Deploy.0 = Release|Any CPU
		{C705B164-6B49-4072-A3AD-238E62853646}.Release|x86.ActiveCfg = Release|Any CPU
		{C705B164-6B49-4072-A3AD-238E62853646}.Release|x86.Build.0 = Release|Any CPU
		{C705B164-6B49-4072-A3AD-238E62853646}.Release|x86.Deploy.0 = Release|Any CPU
		{D5BE7B95-EF67-4AA1-8C75-526EE1397845}.Ad-Hoc|Any CPU.ActiveCfg = Ad-Hoc|iPhone
		{D5BE7B95-EF67-4AA1-8C75-526EE1397845}.Ad-Hoc|ARM.ActiveCfg = Ad-Hoc|iPhone
		{D5BE7B95-EF67-4AA1-8C75-526EE1397845}.Ad-Hoc|iPhone.ActiveCfg = Ad-Hoc|iPhone
		{D5BE7B95-EF67-4AA1-8C75-526EE1397845}.Ad-Hoc|iPhone.Build.0 = Ad-Hoc|iPhone
		{D5BE7B95-EF67-4AA1-8C75-526EE1397845}.Ad-Hoc|iPhoneSimulator.ActiveCfg = Ad-Hoc|iPhoneSimulator
		{D5BE7B95-EF67-4AA1-8C75-526EE1397845}.Ad-Hoc|iPhoneSimulator.Build.0 = Ad-Hoc|iPhoneSimulator
		{D5BE7B95-EF67-4AA1-8C75-526EE1397845}.Ad-Hoc|x64.ActiveCfg = Ad-Hoc|iPhone
		{D5BE7B95-EF67-4AA1-8C75-526EE1397845}.Ad-Hoc|x86.ActiveCfg = Ad-Hoc|iPhone
		{D5BE7B95-EF67-4AA1-8C75-526EE1397845}.AppStore|Any CPU.ActiveCfg = AppStore|iPhone
		{D5BE7B95-EF67-4AA1-8C75-526EE1397845}.AppStore|ARM.ActiveCfg = AppStore|iPhone
		{D5BE7B95-EF67-4AA1-8C75-526EE1397845}.AppStore|iPhone.ActiveCfg = AppStore|iPhone
		{D5BE7B95-EF67-4AA1-8C75-526EE1397845}.AppStore|iPhone.Build.0 = AppStore|iPhone
		{D5BE7B95-EF67-4AA1-8C75-526EE1397845}.AppStore|iPhoneSimulator.ActiveCfg = AppStore|iPhoneSimulator
		{D5BE7B95-EF67-4AA1-8C75-526EE1397845}.AppStore|iPhoneSimulator.Build.0 = AppStore|iPhoneSimulator
		{D5BE7B95-EF67-4AA1-8C75-526EE1397845}.AppStore|x64.ActiveCfg = AppStore|iPhone
		{D5BE7B95-EF67-4AA1-8C75-526EE1397845}.AppStore|x86.ActiveCfg = AppStore|iPhone
		{D5BE7B95-EF67-4AA1-8C75-526EE1397845}.Debug|Any CPU.ActiveCfg = Debug|iPhone
		{D5BE7B95-EF67-4AA1-8C75-526EE1397845}.Debug|ARM.ActiveCfg = Debug|iPhone
		{D5BE7B95-EF67-4AA1-8C75-526EE1397845}.Debug|iPhone.ActiveCfg = Debug|iPhone
		{D5BE7B95-EF67-4AA1-8C75-526EE1397845}.Debug|iPhone.Build.0 = Debug|iPhone
		{D5BE7B95-EF67-4AA1-8C75-526EE1397845}.Debug|iPhoneSimulator.ActiveCfg = Debug|iPhoneSimulator
		{D5BE7B95-EF67-4AA1-8C75-526EE1397845}.Debug|iPhoneSimulator.Build.0 = Debug|iPhoneSimulator
		{D5BE7B95-EF67-4AA1-8C75-526EE1397845}.Debug|x64.ActiveCfg = Debug|iPhone
		{D5BE7B95-EF67-4AA1-8C75-526EE1397845}.Debug|x86.ActiveCfg = Debug|iPhone
		{D5BE7B95-EF67-4AA1-8C75-526EE1397845}.Release|Any CPU.ActiveCfg = Release|iPhone
		{D5BE7B95-EF67-4AA1-8C75-526EE1397845}.Release|ARM.ActiveCfg = Release|iPhone
		{D5BE7B95-EF67-4AA1-8C75-526EE1397845}.Release|iPhone.ActiveCfg = Release|iPhone
		{D5BE7B95-EF67-4AA1-8C75-526EE1397845}.Release|iPhone.Build.0 = Release|iPhone
		{D5BE7B95-EF67-4AA1-8C75-526EE1397845}.Release|iPhoneSimulator.ActiveCfg = Release|iPhoneSimulator
		{D5BE7B95-EF67-4AA1-8C75-526EE1397845}.Release|iPhoneSimulator.Build.0 = Release|iPhoneSimulator
		{D5BE7B95-EF67-4AA1-8C75-526EE1397845}.Release|x64.ActiveCfg = Release|iPhone
		{D5BE7B95-EF67-4AA1-8C75-526EE1397845}.Release|x86.ActiveCfg = Release|iPhone
		{5EBB59A6-2CC7-4852-9734-A3D21990192A}.Ad-Hoc|Any CPU.ActiveCfg = Release|x86
		{5EBB59A6-2CC7-4852-9734-A3D21990192A}.Ad-Hoc|Any CPU.Build.0 = Release|x86
		{5EBB59A6-2CC7-4852-9734-A3D21990192A}.Ad-Hoc|Any CPU.Deploy.0 = Release|x86
		{5EBB59A6-2CC7-4852-9734-A3D21990192A}.Ad-Hoc|ARM.ActiveCfg = Release|ARM
		{5EBB59A6-2CC7-4852-9734-A3D21990192A}.Ad-Hoc|ARM.Build.0 = Release|ARM
		{5EBB59A6-2CC7-4852-9734-A3D21990192A}.Ad-Hoc|ARM.Deploy.0 = Release|ARM
		{5EBB59A6-2CC7-4852-9734-A3D21990192A}.Ad-Hoc|iPhone.ActiveCfg = Release|x86
		{5EBB59A6-2CC7-4852-9734-A3D21990192A}.Ad-Hoc|iPhone.Build.0 = Release|x86
		{5EBB59A6-2CC7-4852-9734-A3D21990192A}.Ad-Hoc|iPhone.Deploy.0 = Release|x86
		{5EBB59A6-2CC7-4852-9734-A3D21990192A}.Ad-Hoc|iPhoneSimulator.ActiveCfg = Release|x86
		{5EBB59A6-2CC7-4852-9734-A3D21990192A}.Ad-Hoc|iPhoneSimulator.Build.0 = Release|x86
		{5EBB59A6-2CC7-4852-9734-A3D21990192A}.Ad-Hoc|iPhoneSimulator.Deploy.0 = Release|x86
		{5EBB59A6-2CC7-4852-9734-A3D21990192A}.Ad-Hoc|x64.ActiveCfg = Release|x64
		{5EBB59A6-2CC7-4852-9734-A3D21990192A}.Ad-Hoc|x64.Build.0 = Release|x64
		{5EBB59A6-2CC7-4852-9734-A3D21990192A}.Ad-Hoc|x64.Deploy.0 = Release|x64
		{5EBB59A6-2CC7-4852-9734-A3D21990192A}.Ad-Hoc|x86.ActiveCfg = Release|x86
		{5EBB59A6-2CC7-4852-9734-A3D21990192A}.Ad-Hoc|x86.Build.0 = Release|x86
		{5EBB59A6-2CC7-4852-9734-A3D21990192A}.Ad-Hoc|x86.Deploy.0 = Release|x86
		{5EBB59A6-2CC7-4852-9734-A3D21990192A}.AppStore|Any CPU.ActiveCfg = Release|x86
		{5EBB59A6-2CC7-4852-9734-A3D21990192A}.AppStore|Any CPU.Build.0 = Release|x86
		{5EBB59A6-2CC7-4852-9734-A3D21990192A}.AppStore|Any CPU.Deploy.0 = Release|x86
		{5EBB59A6-2CC7-4852-9734-A3D21990192A}.AppStore|ARM.ActiveCfg = Release|ARM
		{5EBB59A6-2CC7-4852-9734-A3D21990192A}.AppStore|ARM.Build.0 = Release|ARM
		{5EBB59A6-2CC7-4852-9734-A3D21990192A}.AppStore|ARM.Deploy.0 = Release|ARM
		{5EBB59A6-2CC7-4852-9734-A3D21990192A}.AppStore|iPhone.ActiveCfg = Release|x86
		{5EBB59A6-2CC7-4852-9734-A3D21990192A}.AppStore|iPhone.Build.0 = Release|x86
		{5EBB59A6-2CC7-4852-9734-A3D21990192A}.AppStore|iPhone.Deploy.0 = Release|x86
		{5EBB59A6-2CC7-4852-9734-A3D21990192A}.AppStore|iPhoneSimulator.ActiveCfg = Release|x86
		{5EBB59A6-2CC7-4852-9734-A3D21990192A}.AppStore|iPhoneSimulator.Build.0 = Release|x86
		{5EBB59A6-2CC7-4852-9734-A3D21990192A}.AppStore|iPhoneSimulator.Deploy.0 = Release|x86
		{5EBB59A6-2CC7-4852-9734-A3D21990192A}.AppStore|x64.ActiveCfg = Release|x64
		{5EBB59A6-2CC7-4852-9734-A3D21990192A}.AppStore|x64.Build.0 = Release|x64
		{5EBB59A6-2CC7-4852-9734-A3D21990192A}.AppStore|x64.Deploy.0 = Release|x64
		{5EBB59A6-2CC7-4852-9734-A3D21990192A}.AppStore|x86.ActiveCfg = Release|x86
		{5EBB59A6-2CC7-4852-9734-A3D21990192A}.AppStore|x86.Build.0 = Release|x86
		{5EBB59A6-2CC7-4852-9734-A3D21990192A}.AppStore|x86.Deploy.0 = Release|x86
		{5EBB59A6-2CC7-4852-9734-A3D21990192A}.Debug|Any CPU.ActiveCfg = Debug|x86
		{5EBB59A6-2CC7-4852-9734-A3D21990192A}.Debug|ARM.ActiveCfg = Debug|ARM
		{5EBB59A6-2CC7-4852-9734-A3D21990192A}.Debug|ARM.Build.0 = Debug|ARM
		{5EBB59A6-2CC7-4852-9734-A3D21990192A}.Debug|ARM.Deploy.0 = Debug|ARM
		{5EBB59A6-2CC7-4852-9734-A3D21990192A}.Debug|iPhone.ActiveCfg = Debug|x86
		{5EBB59A6-2CC7-4852-9734-A3D21990192A}.Debug|iPhoneSimulator.ActiveCfg = Debug|x86
		{5EBB59A6-2CC7-4852-9734-A3D21990192A}.Debug|x64.ActiveCfg = Debug|x64
		{5EBB59A6-2CC7-4852-9734-A3D21990192A}.Debug|x64.Build.0 = Debug|x64
		{5EBB59A6-2CC7-4852-9734-A3D21990192A}.Debug|x64.Deploy.0 = Debug|x64
		{5EBB59A6-2CC7-4852-9734-A3D21990192A}.Debug|x86.ActiveCfg = Debug|x86
		{5EBB59A6-2CC7-4852-9734-A3D21990192A}.Debug|x86.Build.0 = Debug|x86
		{5EBB59A6-2CC7-4852-9734-A3D21990192A}.Debug|x86.Deploy.0 = Debug|x86
		{5EBB59A6-2CC7-4852-9734-A3D21990192A}.Release|Any CPU.ActiveCfg = Release|x86
		{5EBB59A6-2CC7-4852-9734-A3D21990192A}.Release|ARM.ActiveCfg = Release|ARM
		{5EBB59A6-2CC7-4852-9734-A3D21990192A}.Release|ARM.Build.0 = Release|ARM
		{5EBB59A6-2CC7-4852-9734-A3D21990192A}.Release|ARM.Deploy.0 = Release|ARM
		{5EBB59A6-2CC7-4852-9734-A3D21990192A}.Release|iPhone.ActiveCfg = Release|x86
		{5EBB59A6-2CC7-4852-9734-A3D21990192A}.Release|iPhoneSimulator.ActiveCfg = Release|x86
		{5EBB59A6-2CC7-4852-9734-A3D21990192A}.Release|x64.ActiveCfg = Release|x64
		{5EBB59A6-2CC7-4852-9734-A3D21990192A}.Release|x64.Build.0 = Release|x64
		{5EBB59A6-2CC7-4852-9734-A3D21990192A}.Release|x64.Deploy.0 = Release|x64
		{5EBB59A6-2CC7-4852-9734-A3D21990192A}.Release|x86.ActiveCfg = Release|x86
		{5EBB59A6-2CC7-4852-9734-A3D21990192A}.Release|x86.Build.0 = Release|x86
		{5EBB59A6-2CC7-4852-9734-A3D21990192A}.Release|x86.Deploy.0 = Release|x86
	EndGlobalSection
	GlobalSection(SolutionProperties) = preSolution
		HideSolutionNode = FALSE
	EndGlobalSection
	GlobalSection(NestedProjects) = preSolution
		{27C931FF-1394-424E-A948-4400EB5BDBCC} = {1909CCBE-6E69-44F6-9EE2-C4066FE88694}
		{CED093A9-50DF-428B-8D7A-F6054C8438A6} = {1909CCBE-6E69-44F6-9EE2-C4066FE88694}
		{DF513F26-5C82-43C9-9981-5925BDAF40EE} = {27C931FF-1394-424E-A948-4400EB5BDBCC}
		{C705B164-6B49-4072-A3AD-238E62853646} = {CED093A9-50DF-428B-8D7A-F6054C8438A6}
		{D5BE7B95-EF67-4AA1-8C75-526EE1397845} = {CED093A9-50DF-428B-8D7A-F6054C8438A6}
		{5EBB59A6-2CC7-4852-9734-A3D21990192A} = {CED093A9-50DF-428B-8D7A-F6054C8438A6}
	EndGlobalSection
	GlobalSection(ExtensibilityGlobals) = postSolution
		SolutionGuid = {B2BDE020-EE73-4156-86B6-0AC91099AED4}
	EndGlobalSection
EndGlobal
